
Microsoft Visual Studio Solution File, Format Version 12.00
# Visual Studio 14
VisualStudioVersion = 14.0.25420.1
MinimumVisualStudioVersion = 10.0.40219.1
Project("{FAE04EC0-301F-11D3-BF4B-00C04F79EFBC}") = "App2.Droid", "App2\App2.Droid\App2.Droid.csproj", "{A8D65F16-E240-4125-90DD-BDC3FD17ABA3}"
EndProject
Project("{FAE04EC0-301F-11D3-BF4B-00C04F79EFBC}") = "App2.iOS", "App2\App2.iOS\App2.iOS.csproj", "{FB4EFEB5-88A6-46E7-A081-90261A1E9E31}"
EndProject
Project("{FAE04EC0-301F-11D3-BF4B-00C04F79EFBC}") = "App2.WinPhone", "App2\App2.WinPhone\App2.WinPhone.csproj", "{8D76CE27-843B-4D6C-847F-501FDE0F68CE}"
EndProject
Project("{FAE04EC0-301F-11D3-BF4B-00C04F79EFBC}") = "App2.UWP", "App2\App2.UWP\App2.UWP.csproj", "{C10D12C3-F41C-458F-AC58-ADBDFD701F3E}"
EndProject
Project("{FAE04EC0-301F-11D3-BF4B-00C04F79EFBC}") = "App2.Windows", "App2\App2.Windows\App2.Windows.csproj", "{8909B82C-E4BE-4ACE-8C21-165F8BD93E8B}"
EndProject
Project("{FAE04EC0-301F-11D3-BF4B-00C04F79EFBC}") = "App2", "App2\App2\App2.csproj", "{9C403E6E-86AD-4AE3-B378-C1605348946C}"
EndProject
Project("{FAE04EC0-301F-11D3-BF4B-00C04F79EFBC}") = "Services", "Services\Services.csproj", "{2ABA0ED7-DCAA-43A8-996C-5B85CF7F9317}"
EndProject
Project("{FAE04EC0-301F-11D3-BF4B-00C04F79EFBC}") = "App2.ViewModels", "App2.ViewModels\App2.ViewModels.csproj", "{87E0D4EC-476E-4CF7-888A-8D06BFD3C406}"
EndProject
Project("{FAE04EC0-301F-11D3-BF4B-00C04F79EFBC}") = "App2.Models", "App2.Models\App2.Models.csproj", "{F813214F-9994-4E70-9C9F-22528864C9CF}"
EndProject
Project("{FAE04EC0-301F-11D3-BF4B-00C04F79EFBC}") = "Extra.iOS.Native", "Extra.iOS.Native\Extra.iOS.Native.csproj", "{5D69B82C-ECF1-4932-8A80-AA3FA3F97D41}"
EndProject
Project("{FAE04EC0-301F-11D3-BF4B-00C04F79EFBC}") = "Extra.Droid", "Extra.Droid\Extra.Droid.csproj", "{31476295-403D-4EB1-AB95-68150DFA1349}"
EndProject
Global
	GlobalSection(SolutionConfigurationPlatforms) = preSolution
		Ad-Hoc|Any CPU = Ad-Hoc|Any CPU
		Ad-Hoc|ARM = Ad-Hoc|ARM
		Ad-Hoc|iPhone = Ad-Hoc|iPhone
		Ad-Hoc|iPhoneSimulator = Ad-Hoc|iPhoneSimulator
		Ad-Hoc|x64 = Ad-Hoc|x64
		Ad-Hoc|x86 = Ad-Hoc|x86
		AppStore|Any CPU = AppStore|Any CPU
		AppStore|ARM = AppStore|ARM
		AppStore|iPhone = AppStore|iPhone
		AppStore|iPhoneSimulator = AppStore|iPhoneSimulator
		AppStore|x64 = AppStore|x64
		AppStore|x86 = AppStore|x86
		Debug|Any CPU = Debug|Any CPU
		Debug|ARM = Debug|ARM
		Debug|iPhone = Debug|iPhone
		Debug|iPhoneSimulator = Debug|iPhoneSimulator
		Debug|x64 = Debug|x64
		Debug|x86 = Debug|x86
		Release|Any CPU = Release|Any CPU
		Release|ARM = Release|ARM
		Release|iPhone = Release|iPhone
		Release|iPhoneSimulator = Release|iPhoneSimulator
		Release|x64 = Release|x64
		Release|x86 = Release|x86
	EndGlobalSection
	GlobalSection(ProjectConfigurationPlatforms) = postSolution
		{A8D65F16-E240-4125-90DD-BDC3FD17ABA3}.Ad-Hoc|Any CPU.ActiveCfg = Release|Any CPU
		{A8D65F16-E240-4125-90DD-BDC3FD17ABA3}.Ad-Hoc|Any CPU.Build.0 = Release|Any CPU
		{A8D65F16-E240-4125-90DD-BDC3FD17ABA3}.Ad-Hoc|Any CPU.Deploy.0 = Release|Any CPU
		{A8D65F16-E240-4125-90DD-BDC3FD17ABA3}.Ad-Hoc|ARM.ActiveCfg = Release|Any CPU
		{A8D65F16-E240-4125-90DD-BDC3FD17ABA3}.Ad-Hoc|ARM.Build.0 = Release|Any CPU
		{A8D65F16-E240-4125-90DD-BDC3FD17ABA3}.Ad-Hoc|ARM.Deploy.0 = Release|Any CPU
		{A8D65F16-E240-4125-90DD-BDC3FD17ABA3}.Ad-Hoc|iPhone.ActiveCfg = Release|Any CPU
		{A8D65F16-E240-4125-90DD-BDC3FD17ABA3}.Ad-Hoc|iPhone.Build.0 = Release|Any CPU
		{A8D65F16-E240-4125-90DD-BDC3FD17ABA3}.Ad-Hoc|iPhone.Deploy.0 = Release|Any CPU
		{A8D65F16-E240-4125-90DD-BDC3FD17ABA3}.Ad-Hoc|iPhoneSimulator.ActiveCfg = Release|Any CPU
		{A8D65F16-E240-4125-90DD-BDC3FD17ABA3}.Ad-Hoc|iPhoneSimulator.Build.0 = Release|Any CPU
		{A8D65F16-E240-4125-90DD-BDC3FD17ABA3}.Ad-Hoc|iPhoneSimulator.Deploy.0 = Release|Any CPU
		{A8D65F16-E240-4125-90DD-BDC3FD17ABA3}.Ad-Hoc|x64.ActiveCfg = Release|Any CPU
		{A8D65F16-E240-4125-90DD-BDC3FD17ABA3}.Ad-Hoc|x64.Build.0 = Release|Any CPU
		{A8D65F16-E240-4125-90DD-BDC3FD17ABA3}.Ad-Hoc|x64.Deploy.0 = Release|Any CPU
		{A8D65F16-E240-4125-90DD-BDC3FD17ABA3}.Ad-Hoc|x86.ActiveCfg = Release|Any CPU
		{A8D65F16-E240-4125-90DD-BDC3FD17ABA3}.Ad-Hoc|x86.Build.0 = Release|Any CPU
		{A8D65F16-E240-4125-90DD-BDC3FD17ABA3}.Ad-Hoc|x86.Deploy.0 = Release|Any CPU
		{A8D65F16-E240-4125-90DD-BDC3FD17ABA3}.AppStore|Any CPU.ActiveCfg = Release|Any CPU
		{A8D65F16-E240-4125-90DD-BDC3FD17ABA3}.AppStore|Any CPU.Build.0 = Release|Any CPU
		{A8D65F16-E240-4125-90DD-BDC3FD17ABA3}.AppStore|Any CPU.Deploy.0 = Release|Any CPU
		{A8D65F16-E240-4125-90DD-BDC3FD17ABA3}.AppStore|ARM.ActiveCfg = Release|Any CPU
		{A8D65F16-E240-4125-90DD-BDC3FD17ABA3}.AppStore|ARM.Build.0 = Release|Any CPU
		{A8D65F16-E240-4125-90DD-BDC3FD17ABA3}.AppStore|ARM.Deploy.0 = Release|Any CPU
		{A8D65F16-E240-4125-90DD-BDC3FD17ABA3}.AppStore|iPhone.ActiveCfg = Release|Any CPU
		{A8D65F16-E240-4125-90DD-BDC3FD17ABA3}.AppStore|iPhone.Build.0 = Release|Any CPU
		{A8D65F16-E240-4125-90DD-BDC3FD17ABA3}.AppStore|iPhone.Deploy.0 = Release|Any CPU
		{A8D65F16-E240-4125-90DD-BDC3FD17ABA3}.AppStore|iPhoneSimulator.ActiveCfg = Release|Any CPU
		{A8D65F16-E240-4125-90DD-BDC3FD17ABA3}.AppStore|iPhoneSimulator.Build.0 = Release|Any CPU
		{A8D65F16-E240-4125-90DD-BDC3FD17ABA3}.AppStore|iPhoneSimulator.Deploy.0 = Release|Any CPU
		{A8D65F16-E240-4125-90DD-BDC3FD17ABA3}.AppStore|x64.ActiveCfg = Release|Any CPU
		{A8D65F16-E240-4125-90DD-BDC3FD17ABA3}.AppStore|x64.Build.0 = Release|Any CPU
		{A8D65F16-E240-4125-90DD-BDC3FD17ABA3}.AppStore|x64.Deploy.0 = Release|Any CPU
		{A8D65F16-E240-4125-90DD-BDC3FD17ABA3}.AppStore|x86.ActiveCfg = Release|Any CPU
		{A8D65F16-E240-4125-90DD-BDC3FD17ABA3}.AppStore|x86.Build.0 = Release|Any CPU
		{A8D65F16-E240-4125-90DD-BDC3FD17ABA3}.AppStore|x86.Deploy.0 = Release|Any CPU
		{A8D65F16-E240-4125-90DD-BDC3FD17ABA3}.Debug|Any CPU.ActiveCfg = Debug|Any CPU
		{A8D65F16-E240-4125-90DD-BDC3FD17ABA3}.Debug|Any CPU.Build.0 = Debug|Any CPU
		{A8D65F16-E240-4125-90DD-BDC3FD17ABA3}.Debug|Any CPU.Deploy.0 = Debug|Any CPU
		{A8D65F16-E240-4125-90DD-BDC3FD17ABA3}.Debug|ARM.ActiveCfg = Debug|Any CPU
		{A8D65F16-E240-4125-90DD-BDC3FD17ABA3}.Debug|ARM.Build.0 = Debug|Any CPU
		{A8D65F16-E240-4125-90DD-BDC3FD17ABA3}.Debug|ARM.Deploy.0 = Debug|Any CPU
		{A8D65F16-E240-4125-90DD-BDC3FD17ABA3}.Debug|iPhone.ActiveCfg = Debug|Any CPU
		{A8D65F16-E240-4125-90DD-BDC3FD17ABA3}.Debug|iPhone.Build.0 = Debug|Any CPU
		{A8D65F16-E240-4125-90DD-BDC3FD17ABA3}.Debug|iPhone.Deploy.0 = Debug|Any CPU
		{A8D65F16-E240-4125-90DD-BDC3FD17ABA3}.Debug|iPhoneSimulator.ActiveCfg = Debug|Any CPU
		{A8D65F16-E240-4125-90DD-BDC3FD17ABA3}.Debug|iPhoneSimulator.Deploy.0 = Debug|Any CPU
		{A8D65F16-E240-4125-90DD-BDC3FD17ABA3}.Debug|x64.ActiveCfg = Debug|Any CPU
		{A8D65F16-E240-4125-90DD-BDC3FD17ABA3}.Debug|x64.Build.0 = Debug|Any CPU
		{A8D65F16-E240-4125-90DD-BDC3FD17ABA3}.Debug|x64.Deploy.0 = Debug|Any CPU
		{A8D65F16-E240-4125-90DD-BDC3FD17ABA3}.Debug|x86.ActiveCfg = Debug|Any CPU
		{A8D65F16-E240-4125-90DD-BDC3FD17ABA3}.Debug|x86.Build.0 = Debug|Any CPU
		{A8D65F16-E240-4125-90DD-BDC3FD17ABA3}.Debug|x86.Deploy.0 = Debug|Any CPU
		{A8D65F16-E240-4125-90DD-BDC3FD17ABA3}.Release|Any CPU.ActiveCfg = Release|Any CPU
		{A8D65F16-E240-4125-90DD-BDC3FD17ABA3}.Release|Any CPU.Build.0 = Release|Any CPU
		{A8D65F16-E240-4125-90DD-BDC3FD17ABA3}.Release|Any CPU.Deploy.0 = Release|Any CPU
		{A8D65F16-E240-4125-90DD-BDC3FD17ABA3}.Release|ARM.ActiveCfg = Release|Any CPU
		{A8D65F16-E240-4125-90DD-BDC3FD17ABA3}.Release|ARM.Build.0 = Release|Any CPU
		{A8D65F16-E240-4125-90DD-BDC3FD17ABA3}.Release|ARM.Deploy.0 = Release|Any CPU
		{A8D65F16-E240-4125-90DD-BDC3FD17ABA3}.Release|iPhone.ActiveCfg = Release|Any CPU
		{A8D65F16-E240-4125-90DD-BDC3FD17ABA3}.Release|iPhone.Build.0 = Release|Any CPU
		{A8D65F16-E240-4125-90DD-BDC3FD17ABA3}.Release|iPhone.Deploy.0 = Release|Any CPU
		{A8D65F16-E240-4125-90DD-BDC3FD17ABA3}.Release|iPhoneSimulator.ActiveCfg = Release|Any CPU
		{A8D65F16-E240-4125-90DD-BDC3FD17ABA3}.Release|iPhoneSimulator.Build.0 = Release|Any CPU
		{A8D65F16-E240-4125-90DD-BDC3FD17ABA3}.Release|iPhoneSimulator.Deploy.0 = Release|Any CPU
		{A8D65F16-E240-4125-90DD-BDC3FD17ABA3}.Release|x64.ActiveCfg = Release|Any CPU
		{A8D65F16-E240-4125-90DD-BDC3FD17ABA3}.Release|x64.Build.0 = Release|Any CPU
		{A8D65F16-E240-4125-90DD-BDC3FD17ABA3}.Release|x64.Deploy.0 = Release|Any CPU
		{A8D65F16-E240-4125-90DD-BDC3FD17ABA3}.Release|x86.ActiveCfg = Release|Any CPU
		{A8D65F16-E240-4125-90DD-BDC3FD17ABA3}.Release|x86.Build.0 = Release|Any CPU
		{A8D65F16-E240-4125-90DD-BDC3FD17ABA3}.Release|x86.Deploy.0 = Release|Any CPU
		{FB4EFEB5-88A6-46E7-A081-90261A1E9E31}.Ad-Hoc|Any CPU.ActiveCfg = Ad-Hoc|iPhone
		{FB4EFEB5-88A6-46E7-A081-90261A1E9E31}.Ad-Hoc|ARM.ActiveCfg = Ad-Hoc|iPhone
		{FB4EFEB5-88A6-46E7-A081-90261A1E9E31}.Ad-Hoc|iPhone.ActiveCfg = Ad-Hoc|iPhone
		{FB4EFEB5-88A6-46E7-A081-90261A1E9E31}.Ad-Hoc|iPhone.Build.0 = Ad-Hoc|iPhone
		{FB4EFEB5-88A6-46E7-A081-90261A1E9E31}.Ad-Hoc|iPhoneSimulator.ActiveCfg = Ad-Hoc|iPhoneSimulator
		{FB4EFEB5-88A6-46E7-A081-90261A1E9E31}.Ad-Hoc|iPhoneSimulator.Build.0 = Ad-Hoc|iPhoneSimulator
		{FB4EFEB5-88A6-46E7-A081-90261A1E9E31}.Ad-Hoc|x64.ActiveCfg = Ad-Hoc|iPhone
		{FB4EFEB5-88A6-46E7-A081-90261A1E9E31}.Ad-Hoc|x86.ActiveCfg = Ad-Hoc|iPhone
		{FB4EFEB5-88A6-46E7-A081-90261A1E9E31}.AppStore|Any CPU.ActiveCfg = AppStore|iPhone
		{FB4EFEB5-88A6-46E7-A081-90261A1E9E31}.AppStore|ARM.ActiveCfg = AppStore|iPhone
		{FB4EFEB5-88A6-46E7-A081-90261A1E9E31}.AppStore|iPhone.ActiveCfg = AppStore|iPhone
		{FB4EFEB5-88A6-46E7-A081-90261A1E9E31}.AppStore|iPhone.Build.0 = AppStore|iPhone
		{FB4EFEB5-88A6-46E7-A081-90261A1E9E31}.AppStore|iPhoneSimulator.ActiveCfg = AppStore|iPhoneSimulator
		{FB4EFEB5-88A6-46E7-A081-90261A1E9E31}.AppStore|iPhoneSimulator.Build.0 = AppStore|iPhoneSimulator
		{FB4EFEB5-88A6-46E7-A081-90261A1E9E31}.AppStore|x64.ActiveCfg = AppStore|iPhone
		{FB4EFEB5-88A6-46E7-A081-90261A1E9E31}.AppStore|x86.ActiveCfg = AppStore|iPhone
		{FB4EFEB5-88A6-46E7-A081-90261A1E9E31}.Debug|Any CPU.ActiveCfg = Debug|iPhone
		{FB4EFEB5-88A6-46E7-A081-90261A1E9E31}.Debug|Any CPU.Build.0 = Debug|iPhone
		{FB4EFEB5-88A6-46E7-A081-90261A1E9E31}.Debug|ARM.ActiveCfg = Debug|iPhone
		{FB4EFEB5-88A6-46E7-A081-90261A1E9E31}.Debug|iPhone.ActiveCfg = Debug|iPhone
		{FB4EFEB5-88A6-46E7-A081-90261A1E9E31}.Debug|iPhone.Build.0 = Debug|iPhone
		{FB4EFEB5-88A6-46E7-A081-90261A1E9E31}.Debug|iPhoneSimulator.ActiveCfg = Debug|iPhoneSimulator
		{FB4EFEB5-88A6-46E7-A081-90261A1E9E31}.Debug|x64.ActiveCfg = Debug|iPhone
		{FB4EFEB5-88A6-46E7-A081-90261A1E9E31}.Debug|x86.ActiveCfg = Debug|iPhone
		{FB4EFEB5-88A6-46E7-A081-90261A1E9E31}.Release|Any CPU.ActiveCfg = Release|iPhone
		{FB4EFEB5-88A6-46E7-A081-90261A1E9E31}.Release|ARM.ActiveCfg = Release|iPhone
		{FB4EFEB5-88A6-46E7-A081-90261A1E9E31}.Release|iPhone.ActiveCfg = Release|iPhone
		{FB4EFEB5-88A6-46E7-A081-90261A1E9E31}.Release|iPhone.Build.0 = Release|iPhone
		{FB4EFEB5-88A6-46E7-A081-90261A1E9E31}.Release|iPhoneSimulator.ActiveCfg = Release|iPhoneSimulator
		{FB4EFEB5-88A6-46E7-A081-90261A1E9E31}.Release|iPhoneSimulator.Build.0 = Release|iPhoneSimulator
		{FB4EFEB5-88A6-46E7-A081-90261A1E9E31}.Release|x64.ActiveCfg = Release|iPhone
		{FB4EFEB5-88A6-46E7-A081-90261A1E9E31}.Release|x86.ActiveCfg = Release|iPhone
		{8D76CE27-843B-4D6C-847F-501FDE0F68CE}.Ad-Hoc|Any CPU.ActiveCfg = Release|Any CPU
		{8D76CE27-843B-4D6C-847F-501FDE0F68CE}.Ad-Hoc|Any CPU.Build.0 = Release|Any CPU
		{8D76CE27-843B-4D6C-847F-501FDE0F68CE}.Ad-Hoc|Any CPU.Deploy.0 = Release|Any CPU
		{8D76CE27-843B-4D6C-847F-501FDE0F68CE}.Ad-Hoc|ARM.ActiveCfg = Release|ARM
		{8D76CE27-843B-4D6C-847F-501FDE0F68CE}.Ad-Hoc|ARM.Build.0 = Release|ARM
		{8D76CE27-843B-4D6C-847F-501FDE0F68CE}.Ad-Hoc|ARM.Deploy.0 = Release|ARM
		{8D76CE27-843B-4D6C-847F-501FDE0F68CE}.Ad-Hoc|iPhone.ActiveCfg = Release|Any CPU
		{8D76CE27-843B-4D6C-847F-501FDE0F68CE}.Ad-Hoc|iPhone.Build.0 = Release|Any CPU
		{8D76CE27-843B-4D6C-847F-501FDE0F68CE}.Ad-Hoc|iPhone.Deploy.0 = Release|Any CPU
		{8D76CE27-843B-4D6C-847F-501FDE0F68CE}.Ad-Hoc|iPhoneSimulator.ActiveCfg = Release|Any CPU
		{8D76CE27-843B-4D6C-847F-501FDE0F68CE}.Ad-Hoc|iPhoneSimulator.Build.0 = Release|Any CPU
		{8D76CE27-843B-4D6C-847F-501FDE0F68CE}.Ad-Hoc|iPhoneSimulator.Deploy.0 = Release|Any CPU
		{8D76CE27-843B-4D6C-847F-501FDE0F68CE}.Ad-Hoc|x64.ActiveCfg = Release|Any CPU
		{8D76CE27-843B-4D6C-847F-501FDE0F68CE}.Ad-Hoc|x64.Build.0 = Release|Any CPU
		{8D76CE27-843B-4D6C-847F-501FDE0F68CE}.Ad-Hoc|x64.Deploy.0 = Release|Any CPU
		{8D76CE27-843B-4D6C-847F-501FDE0F68CE}.Ad-Hoc|x86.ActiveCfg = Release|x86
		{8D76CE27-843B-4D6C-847F-501FDE0F68CE}.Ad-Hoc|x86.Build.0 = Release|x86
		{8D76CE27-843B-4D6C-847F-501FDE0F68CE}.Ad-Hoc|x86.Deploy.0 = Release|x86
		{8D76CE27-843B-4D6C-847F-501FDE0F68CE}.AppStore|Any CPU.ActiveCfg = Release|Any CPU
		{8D76CE27-843B-4D6C-847F-501FDE0F68CE}.AppStore|Any CPU.Build.0 = Release|Any CPU
		{8D76CE27-843B-4D6C-847F-501FDE0F68CE}.AppStore|Any CPU.Deploy.0 = Release|Any CPU
		{8D76CE27-843B-4D6C-847F-501FDE0F68CE}.AppStore|ARM.ActiveCfg = Release|ARM
		{8D76CE27-843B-4D6C-847F-501FDE0F68CE}.AppStore|ARM.Build.0 = Release|ARM
		{8D76CE27-843B-4D6C-847F-501FDE0F68CE}.AppStore|ARM.Deploy.0 = Release|ARM
		{8D76CE27-843B-4D6C-847F-501FDE0F68CE}.AppStore|iPhone.ActiveCfg = Release|Any CPU
		{8D76CE27-843B-4D6C-847F-501FDE0F68CE}.AppStore|iPhone.Build.0 = Release|Any CPU
		{8D76CE27-843B-4D6C-847F-501FDE0F68CE}.AppStore|iPhone.Deploy.0 = Release|Any CPU
		{8D76CE27-843B-4D6C-847F-501FDE0F68CE}.AppStore|iPhoneSimulator.ActiveCfg = Release|Any CPU
		{8D76CE27-843B-4D6C-847F-501FDE0F68CE}.AppStore|iPhoneSimulator.Build.0 = Release|Any CPU
		{8D76CE27-843B-4D6C-847F-501FDE0F68CE}.AppStore|iPhoneSimulator.Deploy.0 = Release|Any CPU
		{8D76CE27-843B-4D6C-847F-501FDE0F68CE}.AppStore|x64.ActiveCfg = Release|Any CPU
		{8D76CE27-843B-4D6C-847F-501FDE0F68CE}.AppStore|x64.Build.0 = Release|Any CPU
		{8D76CE27-843B-4D6C-847F-501FDE0F68CE}.AppStore|x64.Deploy.0 = Release|Any CPU
		{8D76CE27-843B-4D6C-847F-501FDE0F68CE}.AppStore|x86.ActiveCfg = Release|x86
		{8D76CE27-843B-4D6C-847F-501FDE0F68CE}.AppStore|x86.Build.0 = Release|x86
		{8D76CE27-843B-4D6C-847F-501FDE0F68CE}.AppStore|x86.Deploy.0 = Release|x86
		{8D76CE27-843B-4D6C-847F-501FDE0F68CE}.Debug|Any CPU.ActiveCfg = Debug|Any CPU
		{8D76CE27-843B-4D6C-847F-501FDE0F68CE}.Debug|Any CPU.Build.0 = Debug|Any CPU
		{8D76CE27-843B-4D6C-847F-501FDE0F68CE}.Debug|Any CPU.Deploy.0 = Debug|Any CPU
		{8D76CE27-843B-4D6C-847F-501FDE0F68CE}.Debug|ARM.ActiveCfg = Debug|ARM
		{8D76CE27-843B-4D6C-847F-501FDE0F68CE}.Debug|ARM.Build.0 = Debug|ARM
		{8D76CE27-843B-4D6C-847F-501FDE0F68CE}.Debug|ARM.Deploy.0 = Debug|ARM
		{8D76CE27-843B-4D6C-847F-501FDE0F68CE}.Debug|iPhone.ActiveCfg = Debug|Any CPU
		{8D76CE27-843B-4D6C-847F-501FDE0F68CE}.Debug|iPhone.Build.0 = Debug|Any CPU
		{8D76CE27-843B-4D6C-847F-501FDE0F68CE}.Debug|iPhone.Deploy.0 = Debug|Any CPU
		{8D76CE27-843B-4D6C-847F-501FDE0F68CE}.Debug|iPhoneSimulator.ActiveCfg = Debug|Any CPU
		{8D76CE27-843B-4D6C-847F-501FDE0F68CE}.Debug|iPhoneSimulator.Deploy.0 = Debug|Any CPU
		{8D76CE27-843B-4D6C-847F-501FDE0F68CE}.Debug|x64.ActiveCfg = Debug|Any CPU
		{8D76CE27-843B-4D6C-847F-501FDE0F68CE}.Debug|x64.Build.0 = Debug|Any CPU
		{8D76CE27-843B-4D6C-847F-501FDE0F68CE}.Debug|x64.Deploy.0 = Debug|Any CPU
		{8D76CE27-843B-4D6C-847F-501FDE0F68CE}.Debug|x86.ActiveCfg = Debug|x86
		{8D76CE27-843B-4D6C-847F-501FDE0F68CE}.Debug|x86.Build.0 = Debug|x86
		{8D76CE27-843B-4D6C-847F-501FDE0F68CE}.Debug|x86.Deploy.0 = Debug|x86
		{8D76CE27-843B-4D6C-847F-501FDE0F68CE}.Release|Any CPU.ActiveCfg = Release|Any CPU
		{8D76CE27-843B-4D6C-847F-501FDE0F68CE}.Release|Any CPU.Build.0 = Release|Any CPU
		{8D76CE27-843B-4D6C-847F-501FDE0F68CE}.Release|Any CPU.Deploy.0 = Release|Any CPU
		{8D76CE27-843B-4D6C-847F-501FDE0F68CE}.Release|ARM.ActiveCfg = Release|ARM
		{8D76CE27-843B-4D6C-847F-501FDE0F68CE}.Release|ARM.Build.0 = Release|ARM
		{8D76CE27-843B-4D6C-847F-501FDE0F68CE}.Release|ARM.Deploy.0 = Release|ARM
		{8D76CE27-843B-4D6C-847F-501FDE0F68CE}.Release|iPhone.ActiveCfg = Release|Any CPU
		{8D76CE27-843B-4D6C-847F-501FDE0F68CE}.Release|iPhone.Build.0 = Release|Any CPU
		{8D76CE27-843B-4D6C-847F-501FDE0F68CE}.Release|iPhone.Deploy.0 = Release|Any CPU
		{8D76CE27-843B-4D6C-847F-501FDE0F68CE}.Release|iPhoneSimulator.ActiveCfg = Release|Any CPU
		{8D76CE27-843B-4D6C-847F-501FDE0F68CE}.Release|iPhoneSimulator.Build.0 = Release|Any CPU
		{8D76CE27-843B-4D6C-847F-501FDE0F68CE}.Release|iPhoneSimulator.Deploy.0 = Release|Any CPU
		{8D76CE27-843B-4D6C-847F-501FDE0F68CE}.Release|x64.ActiveCfg = Release|Any CPU
		{8D76CE27-843B-4D6C-847F-501FDE0F68CE}.Release|x64.Build.0 = Release|Any CPU
		{8D76CE27-843B-4D6C-847F-501FDE0F68CE}.Release|x64.Deploy.0 = Release|Any CPU
		{8D76CE27-843B-4D6C-847F-501FDE0F68CE}.Release|x86.ActiveCfg = Release|x86
		{8D76CE27-843B-4D6C-847F-501FDE0F68CE}.Release|x86.Build.0 = Release|x86
		{8D76CE27-843B-4D6C-847F-501FDE0F68CE}.Release|x86.Deploy.0 = Release|x86
		{C10D12C3-F41C-458F-AC58-ADBDFD701F3E}.Ad-Hoc|Any CPU.ActiveCfg = Release|x86
		{C10D12C3-F41C-458F-AC58-ADBDFD701F3E}.Ad-Hoc|Any CPU.Build.0 = Release|x86
		{C10D12C3-F41C-458F-AC58-ADBDFD701F3E}.Ad-Hoc|Any CPU.Deploy.0 = Release|x86
		{C10D12C3-F41C-458F-AC58-ADBDFD701F3E}.Ad-Hoc|ARM.ActiveCfg = Release|ARM
		{C10D12C3-F41C-458F-AC58-ADBDFD701F3E}.Ad-Hoc|ARM.Build.0 = Release|ARM
		{C10D12C3-F41C-458F-AC58-ADBDFD701F3E}.Ad-Hoc|ARM.Deploy.0 = Release|ARM
		{C10D12C3-F41C-458F-AC58-ADBDFD701F3E}.Ad-Hoc|iPhone.ActiveCfg = Release|x86
		{C10D12C3-F41C-458F-AC58-ADBDFD701F3E}.Ad-Hoc|iPhone.Build.0 = Release|x86
		{C10D12C3-F41C-458F-AC58-ADBDFD701F3E}.Ad-Hoc|iPhone.Deploy.0 = Release|x86
		{C10D12C3-F41C-458F-AC58-ADBDFD701F3E}.Ad-Hoc|iPhoneSimulator.ActiveCfg = Release|x86
		{C10D12C3-F41C-458F-AC58-ADBDFD701F3E}.Ad-Hoc|iPhoneSimulator.Build.0 = Release|x86
		{C10D12C3-F41C-458F-AC58-ADBDFD701F3E}.Ad-Hoc|iPhoneSimulator.Deploy.0 = Release|x86
		{C10D12C3-F41C-458F-AC58-ADBDFD701F3E}.Ad-Hoc|x64.ActiveCfg = Release|x64
		{C10D12C3-F41C-458F-AC58-ADBDFD701F3E}.Ad-Hoc|x64.Build.0 = Release|x64
		{C10D12C3-F41C-458F-AC58-ADBDFD701F3E}.Ad-Hoc|x64.Deploy.0 = Release|x64
		{C10D12C3-F41C-458F-AC58-ADBDFD701F3E}.Ad-Hoc|x86.ActiveCfg = Release|x86
		{C10D12C3-F41C-458F-AC58-ADBDFD701F3E}.Ad-Hoc|x86.Build.0 = Release|x86
		{C10D12C3-F41C-458F-AC58-ADBDFD701F3E}.Ad-Hoc|x86.Deploy.0 = Release|x86
		{C10D12C3-F41C-458F-AC58-ADBDFD701F3E}.AppStore|Any CPU.ActiveCfg = Release|x86
		{C10D12C3-F41C-458F-AC58-ADBDFD701F3E}.AppStore|Any CPU.Build.0 = Release|x86
		{C10D12C3-F41C-458F-AC58-ADBDFD701F3E}.AppStore|Any CPU.Deploy.0 = Release|x86
		{C10D12C3-F41C-458F-AC58-ADBDFD701F3E}.AppStore|ARM.ActiveCfg = Release|ARM
		{C10D12C3-F41C-458F-AC58-ADBDFD701F3E}.AppStore|ARM.Build.0 = Release|ARM
		{C10D12C3-F41C-458F-AC58-ADBDFD701F3E}.AppStore|ARM.Deploy.0 = Release|ARM
		{C10D12C3-F41C-458F-AC58-ADBDFD701F3E}.AppStore|iPhone.ActiveCfg = Release|x86
		{C10D12C3-F41C-458F-AC58-ADBDFD701F3E}.AppStore|iPhone.Build.0 = Release|x86
		{C10D12C3-F41C-458F-AC58-ADBDFD701F3E}.AppStore|iPhone.Deploy.0 = Release|x86
		{C10D12C3-F41C-458F-AC58-ADBDFD701F3E}.AppStore|iPhoneSimulator.ActiveCfg = Release|x86
		{C10D12C3-F41C-458F-AC58-ADBDFD701F3E}.AppStore|iPhoneSimulator.Build.0 = Release|x86
		{C10D12C3-F41C-458F-AC58-ADBDFD701F3E}.AppStore|iPhoneSimulator.Deploy.0 = Release|x86
		{C10D12C3-F41C-458F-AC58-ADBDFD701F3E}.AppStore|x64.ActiveCfg = Release|x64
		{C10D12C3-F41C-458F-AC58-ADBDFD701F3E}.AppStore|x64.Build.0 = Release|x64
		{C10D12C3-F41C-458F-AC58-ADBDFD701F3E}.AppStore|x64.Deploy.0 = Release|x64
		{C10D12C3-F41C-458F-AC58-ADBDFD701F3E}.AppStore|x86.ActiveCfg = Release|x86
		{C10D12C3-F41C-458F-AC58-ADBDFD701F3E}.AppStore|x86.Build.0 = Release|x86
		{C10D12C3-F41C-458F-AC58-ADBDFD701F3E}.AppStore|x86.Deploy.0 = Release|x86
		{C10D12C3-F41C-458F-AC58-ADBDFD701F3E}.Debug|Any CPU.ActiveCfg = Debug|x86
		{C10D12C3-F41C-458F-AC58-ADBDFD701F3E}.Debug|Any CPU.Build.0 = Debug|x86
		{C10D12C3-F41C-458F-AC58-ADBDFD701F3E}.Debug|Any CPU.Deploy.0 = Debug|x86
		{C10D12C3-F41C-458F-AC58-ADBDFD701F3E}.Debug|ARM.ActiveCfg = Debug|ARM
		{C10D12C3-F41C-458F-AC58-ADBDFD701F3E}.Debug|ARM.Build.0 = Debug|ARM
		{C10D12C3-F41C-458F-AC58-ADBDFD701F3E}.Debug|ARM.Deploy.0 = Debug|ARM
		{C10D12C3-F41C-458F-AC58-ADBDFD701F3E}.Debug|iPhone.ActiveCfg = Debug|x86
		{C10D12C3-F41C-458F-AC58-ADBDFD701F3E}.Debug|iPhoneSimulator.ActiveCfg = Debug|x86
		{C10D12C3-F41C-458F-AC58-ADBDFD701F3E}.Debug|iPhoneSimulator.Deploy.0 = Debug|x86
		{C10D12C3-F41C-458F-AC58-ADBDFD701F3E}.Debug|x64.ActiveCfg = Debug|x64
		{C10D12C3-F41C-458F-AC58-ADBDFD701F3E}.Debug|x64.Build.0 = Debug|x64
		{C10D12C3-F41C-458F-AC58-ADBDFD701F3E}.Debug|x64.Deploy.0 = Debug|x64
		{C10D12C3-F41C-458F-AC58-ADBDFD701F3E}.Debug|x86.ActiveCfg = Debug|x86
		{C10D12C3-F41C-458F-AC58-ADBDFD701F3E}.Debug|x86.Build.0 = Debug|x86
		{C10D12C3-F41C-458F-AC58-ADBDFD701F3E}.Debug|x86.Deploy.0 = Debug|x86
		{C10D12C3-F41C-458F-AC58-ADBDFD701F3E}.Release|Any CPU.ActiveCfg = Release|x86
		{C10D12C3-F41C-458F-AC58-ADBDFD701F3E}.Release|ARM.ActiveCfg = Release|ARM
		{C10D12C3-F41C-458F-AC58-ADBDFD701F3E}.Release|ARM.Build.0 = Release|ARM
		{C10D12C3-F41C-458F-AC58-ADBDFD701F3E}.Release|ARM.Deploy.0 = Release|ARM
		{C10D12C3-F41C-458F-AC58-ADBDFD701F3E}.Release|iPhone.ActiveCfg = Release|x86
		{C10D12C3-F41C-458F-AC58-ADBDFD701F3E}.Release|iPhoneSimulator.ActiveCfg = Release|x86
		{C10D12C3-F41C-458F-AC58-ADBDFD701F3E}.Release|x64.ActiveCfg = Release|x64
		{C10D12C3-F41C-458F-AC58-ADBDFD701F3E}.Release|x64.Build.0 = Release|x64
		{C10D12C3-F41C-458F-AC58-ADBDFD701F3E}.Release|x64.Deploy.0 = Release|x64
		{C10D12C3-F41C-458F-AC58-ADBDFD701F3E}.Release|x86.ActiveCfg = Release|x86
		{C10D12C3-F41C-458F-AC58-ADBDFD701F3E}.Release|x86.Build.0 = Release|x86
		{C10D12C3-F41C-458F-AC58-ADBDFD701F3E}.Release|x86.Deploy.0 = Release|x86
		{8909B82C-E4BE-4ACE-8C21-165F8BD93E8B}.Ad-Hoc|Any CPU.ActiveCfg = Release|Any CPU
		{8909B82C-E4BE-4ACE-8C21-165F8BD93E8B}.Ad-Hoc|Any CPU.Build.0 = Release|Any CPU
		{8909B82C-E4BE-4ACE-8C21-165F8BD93E8B}.Ad-Hoc|Any CPU.Deploy.0 = Release|Any CPU
		{8909B82C-E4BE-4ACE-8C21-165F8BD93E8B}.Ad-Hoc|ARM.ActiveCfg = Release|ARM
		{8909B82C-E4BE-4ACE-8C21-165F8BD93E8B}.Ad-Hoc|ARM.Build.0 = Release|ARM
		{8909B82C-E4BE-4ACE-8C21-165F8BD93E8B}.Ad-Hoc|ARM.Deploy.0 = Release|ARM
		{8909B82C-E4BE-4ACE-8C21-165F8BD93E8B}.Ad-Hoc|iPhone.ActiveCfg = Release|Any CPU
		{8909B82C-E4BE-4ACE-8C21-165F8BD93E8B}.Ad-Hoc|iPhone.Build.0 = Release|Any CPU
		{8909B82C-E4BE-4ACE-8C21-165F8BD93E8B}.Ad-Hoc|iPhone.Deploy.0 = Release|Any CPU
		{8909B82C-E4BE-4ACE-8C21-165F8BD93E8B}.Ad-Hoc|iPhoneSimulator.ActiveCfg = Release|Any CPU
		{8909B82C-E4BE-4ACE-8C21-165F8BD93E8B}.Ad-Hoc|iPhoneSimulator.Build.0 = Release|Any CPU
		{8909B82C-E4BE-4ACE-8C21-165F8BD93E8B}.Ad-Hoc|iPhoneSimulator.Deploy.0 = Release|Any CPU
		{8909B82C-E4BE-4ACE-8C21-165F8BD93E8B}.Ad-Hoc|x64.ActiveCfg = Release|x64
		{8909B82C-E4BE-4ACE-8C21-165F8BD93E8B}.Ad-Hoc|x64.Build.0 = Release|x64
		{8909B82C-E4BE-4ACE-8C21-165F8BD93E8B}.Ad-Hoc|x64.Deploy.0 = Release|x64
		{8909B82C-E4BE-4ACE-8C21-165F8BD93E8B}.Ad-Hoc|x86.ActiveCfg = Release|x86
		{8909B82C-E4BE-4ACE-8C21-165F8BD93E8B}.Ad-Hoc|x86.Build.0 = Release|x86
		{8909B82C-E4BE-4ACE-8C21-165F8BD93E8B}.Ad-Hoc|x86.Deploy.0 = Release|x86
		{8909B82C-E4BE-4ACE-8C21-165F8BD93E8B}.AppStore|Any CPU.ActiveCfg = Release|Any CPU
		{8909B82C-E4BE-4ACE-8C21-165F8BD93E8B}.AppStore|Any CPU.Build.0 = Release|Any CPU
		{8909B82C-E4BE-4ACE-8C21-165F8BD93E8B}.AppStore|Any CPU.Deploy.0 = Release|Any CPU
		{8909B82C-E4BE-4ACE-8C21-165F8BD93E8B}.AppStore|ARM.ActiveCfg = Release|ARM
		{8909B82C-E4BE-4ACE-8C21-165F8BD93E8B}.AppStore|ARM.Build.0 = Release|ARM
		{8909B82C-E4BE-4ACE-8C21-165F8BD93E8B}.AppStore|ARM.Deploy.0 = Release|ARM
		{8909B82C-E4BE-4ACE-8C21-165F8BD93E8B}.AppStore|iPhone.ActiveCfg = Release|Any CPU
		{8909B82C-E4BE-4ACE-8C21-165F8BD93E8B}.AppStore|iPhone.Build.0 = Release|Any CPU
		{8909B82C-E4BE-4ACE-8C21-165F8BD93E8B}.AppStore|iPhone.Deploy.0 = Release|Any CPU
		{8909B82C-E4BE-4ACE-8C21-165F8BD93E8B}.AppStore|iPhoneSimulator.ActiveCfg = Release|Any CPU
		{8909B82C-E4BE-4ACE-8C21-165F8BD93E8B}.AppStore|iPhoneSimulator.Build.0 = Release|Any CPU
		{8909B82C-E4BE-4ACE-8C21-165F8BD93E8B}.AppStore|iPhoneSimulator.Deploy.0 = Release|Any CPU
		{8909B82C-E4BE-4ACE-8C21-165F8BD93E8B}.AppStore|x64.ActiveCfg = Release|x64
		{8909B82C-E4BE-4ACE-8C21-165F8BD93E8B}.AppStore|x64.Build.0 = Release|x64
		{8909B82C-E4BE-4ACE-8C21-165F8BD93E8B}.AppStore|x64.Deploy.0 = Release|x64
		{8909B82C-E4BE-4ACE-8C21-165F8BD93E8B}.AppStore|x86.ActiveCfg = Release|x86
		{8909B82C-E4BE-4ACE-8C21-165F8BD93E8B}.AppStore|x86.Build.0 = Release|x86
		{8909B82C-E4BE-4ACE-8C21-165F8BD93E8B}.AppStore|x86.Deploy.0 = Release|x86
		{8909B82C-E4BE-4ACE-8C21-165F8BD93E8B}.Debug|Any CPU.ActiveCfg = Debug|Any CPU
		{8909B82C-E4BE-4ACE-8C21-165F8BD93E8B}.Debug|Any CPU.Deploy.0 = Debug|Any CPU
		{8909B82C-E4BE-4ACE-8C21-165F8BD93E8B}.Debug|ARM.ActiveCfg = Debug|ARM
		{8909B82C-E4BE-4ACE-8C21-165F8BD93E8B}.Debug|ARM.Build.0 = Debug|ARM
		{8909B82C-E4BE-4ACE-8C21-165F8BD93E8B}.Debug|ARM.Deploy.0 = Debug|ARM
		{8909B82C-E4BE-4ACE-8C21-165F8BD93E8B}.Debug|iPhone.ActiveCfg = Debug|Any CPU
		{8909B82C-E4BE-4ACE-8C21-165F8BD93E8B}.Debug|iPhone.Build.0 = Debug|Any CPU
		{8909B82C-E4BE-4ACE-8C21-165F8BD93E8B}.Debug|iPhone.Deploy.0 = Debug|Any CPU
		{8909B82C-E4BE-4ACE-8C21-165F8BD93E8B}.Debug|iPhoneSimulator.ActiveCfg = Debug|Any CPU
		{8909B82C-E4BE-4ACE-8C21-165F8BD93E8B}.Debug|iPhoneSimulator.Deploy.0 = Debug|Any CPU
		{8909B82C-E4BE-4ACE-8C21-165F8BD93E8B}.Debug|x64.ActiveCfg = Debug|x64
		{8909B82C-E4BE-4ACE-8C21-165F8BD93E8B}.Debug|x64.Build.0 = Debug|x64
		{8909B82C-E4BE-4ACE-8C21-165F8BD93E8B}.Debug|x64.Deploy.0 = Debug|x64
		{8909B82C-E4BE-4ACE-8C21-165F8BD93E8B}.Debug|x86.ActiveCfg = Debug|x86
		{8909B82C-E4BE-4ACE-8C21-165F8BD93E8B}.Debug|x86.Build.0 = Debug|x86
		{8909B82C-E4BE-4ACE-8C21-165F8BD93E8B}.Debug|x86.Deploy.0 = Debug|x86
		{8909B82C-E4BE-4ACE-8C21-165F8BD93E8B}.Release|Any CPU.ActiveCfg = Release|Any CPU
		{8909B82C-E4BE-4ACE-8C21-165F8BD93E8B}.Release|Any CPU.Build.0 = Release|Any CPU
		{8909B82C-E4BE-4ACE-8C21-165F8BD93E8B}.Release|Any CPU.Deploy.0 = Release|Any CPU
		{8909B82C-E4BE-4ACE-8C21-165F8BD93E8B}.Release|ARM.ActiveCfg = Release|ARM
		{8909B82C-E4BE-4ACE-8C21-165F8BD93E8B}.Release|ARM.Build.0 = Release|ARM
		{8909B82C-E4BE-4ACE-8C21-165F8BD93E8B}.Release|ARM.Deploy.0 = Release|ARM
		{8909B82C-E4BE-4ACE-8C21-165F8BD93E8B}.Release|iPhone.ActiveCfg = Release|Any CPU
		{8909B82C-E4BE-4ACE-8C21-165F8BD93E8B}.Release|iPhone.Build.0 = Release|Any CPU
		{8909B82C-E4BE-4ACE-8C21-165F8BD93E8B}.Release|iPhone.Deploy.0 = Release|Any CPU
		{8909B82C-E4BE-4ACE-8C21-165F8BD93E8B}.Release|iPhoneSimulator.ActiveCfg = Release|Any CPU
		{8909B82C-E4BE-4ACE-8C21-165F8BD93E8B}.Release|iPhoneSimulator.Build.0 = Release|Any CPU
		{8909B82C-E4BE-4ACE-8C21-165F8BD93E8B}.Release|iPhoneSimulator.Deploy.0 = Release|Any CPU
		{8909B82C-E4BE-4ACE-8C21-165F8BD93E8B}.Release|x64.ActiveCfg = Release|x64
		{8909B82C-E4BE-4ACE-8C21-165F8BD93E8B}.Release|x64.Build.0 = Release|x64
		{8909B82C-E4BE-4ACE-8C21-165F8BD93E8B}.Release|x64.Deploy.0 = Release|x64
		{8909B82C-E4BE-4ACE-8C21-165F8BD93E8B}.Release|x86.ActiveCfg = Release|x86
		{8909B82C-E4BE-4ACE-8C21-165F8BD93E8B}.Release|x86.Build.0 = Release|x86
		{8909B82C-E4BE-4ACE-8C21-165F8BD93E8B}.Release|x86.Deploy.0 = Release|x86
		{9C403E6E-86AD-4AE3-B378-C1605348946C}.Ad-Hoc|Any CPU.ActiveCfg = Release|Any CPU
		{9C403E6E-86AD-4AE3-B378-C1605348946C}.Ad-Hoc|Any CPU.Build.0 = Release|Any CPU
		{9C403E6E-86AD-4AE3-B378-C1605348946C}.Ad-Hoc|ARM.ActiveCfg = Release|Any CPU
		{9C403E6E-86AD-4AE3-B378-C1605348946C}.Ad-Hoc|ARM.Build.0 = Release|Any CPU
		{9C403E6E-86AD-4AE3-B378-C1605348946C}.Ad-Hoc|iPhone.ActiveCfg = Release|Any CPU
		{9C403E6E-86AD-4AE3-B378-C1605348946C}.Ad-Hoc|iPhone.Build.0 = Release|Any CPU
		{9C403E6E-86AD-4AE3-B378-C1605348946C}.Ad-Hoc|iPhoneSimulator.ActiveCfg = Release|Any CPU
		{9C403E6E-86AD-4AE3-B378-C1605348946C}.Ad-Hoc|iPhoneSimulator.Build.0 = Release|Any CPU
		{9C403E6E-86AD-4AE3-B378-C1605348946C}.Ad-Hoc|x64.ActiveCfg = Release|Any CPU
		{9C403E6E-86AD-4AE3-B378-C1605348946C}.Ad-Hoc|x64.Build.0 = Release|Any CPU
		{9C403E6E-86AD-4AE3-B378-C1605348946C}.Ad-Hoc|x86.ActiveCfg = Release|Any CPU
		{9C403E6E-86AD-4AE3-B378-C1605348946C}.Ad-Hoc|x86.Build.0 = Release|Any CPU
		{9C403E6E-86AD-4AE3-B378-C1605348946C}.AppStore|Any CPU.ActiveCfg = Release|Any CPU
		{9C403E6E-86AD-4AE3-B378-C1605348946C}.AppStore|Any CPU.Build.0 = Release|Any CPU
		{9C403E6E-86AD-4AE3-B378-C1605348946C}.AppStore|ARM.ActiveCfg = Release|Any CPU
		{9C403E6E-86AD-4AE3-B378-C1605348946C}.AppStore|ARM.Build.0 = Release|Any CPU
		{9C403E6E-86AD-4AE3-B378-C1605348946C}.AppStore|iPhone.ActiveCfg = Release|Any CPU
		{9C403E6E-86AD-4AE3-B378-C1605348946C}.AppStore|iPhone.Build.0 = Release|Any CPU
		{9C403E6E-86AD-4AE3-B378-C1605348946C}.AppStore|iPhoneSimulator.ActiveCfg = Release|Any CPU
		{9C403E6E-86AD-4AE3-B378-C1605348946C}.AppStore|iPhoneSimulator.Build.0 = Release|Any CPU
		{9C403E6E-86AD-4AE3-B378-C1605348946C}.AppStore|x64.ActiveCfg = Release|Any CPU
		{9C403E6E-86AD-4AE3-B378-C1605348946C}.AppStore|x64.Build.0 = Release|Any CPU
		{9C403E6E-86AD-4AE3-B378-C1605348946C}.AppStore|x86.ActiveCfg = Release|Any CPU
		{9C403E6E-86AD-4AE3-B378-C1605348946C}.AppStore|x86.Build.0 = Release|Any CPU
		{9C403E6E-86AD-4AE3-B378-C1605348946C}.Debug|Any CPU.ActiveCfg = Debug|Any CPU
		{9C403E6E-86AD-4AE3-B378-C1605348946C}.Debug|Any CPU.Build.0 = Debug|Any CPU
		{9C403E6E-86AD-4AE3-B378-C1605348946C}.Debug|ARM.ActiveCfg = Debug|Any CPU
		{9C403E6E-86AD-4AE3-B378-C1605348946C}.Debug|ARM.Build.0 = Debug|Any CPU
		{9C403E6E-86AD-4AE3-B378-C1605348946C}.Debug|iPhone.ActiveCfg = Debug|Any CPU
		{9C403E6E-86AD-4AE3-B378-C1605348946C}.Debug|iPhone.Build.0 = Debug|Any CPU
		{9C403E6E-86AD-4AE3-B378-C1605348946C}.Debug|iPhoneSimulator.ActiveCfg = Debug|Any CPU
		{9C403E6E-86AD-4AE3-B378-C1605348946C}.Debug|x64.ActiveCfg = Debug|Any CPU
		{9C403E6E-86AD-4AE3-B378-C1605348946C}.Debug|x64.Build.0 = Debug|Any CPU
		{9C403E6E-86AD-4AE3-B378-C1605348946C}.Debug|x86.ActiveCfg = Debug|Any CPU
		{9C403E6E-86AD-4AE3-B378-C1605348946C}.Debug|x86.Build.0 = Debug|Any CPU
		{9C403E6E-86AD-4AE3-B378-C1605348946C}.Release|Any CPU.ActiveCfg = Release|Any CPU
		{9C403E6E-86AD-4AE3-B378-C1605348946C}.Release|Any CPU.Build.0 = Release|Any CPU
		{9C403E6E-86AD-4AE3-B378-C1605348946C}.Release|ARM.ActiveCfg = Release|Any CPU
		{9C403E6E-86AD-4AE3-B378-C1605348946C}.Release|ARM.Build.0 = Release|Any CPU
		{9C403E6E-86AD-4AE3-B378-C1605348946C}.Release|iPhone.ActiveCfg = Release|Any CPU
		{9C403E6E-86AD-4AE3-B378-C1605348946C}.Release|iPhone.Build.0 = Release|Any CPU
		{9C403E6E-86AD-4AE3-B378-C1605348946C}.Release|iPhoneSimulator.ActiveCfg = Release|Any CPU
		{9C403E6E-86AD-4AE3-B378-C1605348946C}.Release|iPhoneSimulator.Build.0 = Release|Any CPU
		{9C403E6E-86AD-4AE3-B378-C1605348946C}.Release|x64.ActiveCfg = Release|Any CPU
		{9C403E6E-86AD-4AE3-B378-C1605348946C}.Release|x64.Build.0 = Release|Any CPU
		{9C403E6E-86AD-4AE3-B378-C1605348946C}.Release|x86.ActiveCfg = Release|Any CPU
		{9C403E6E-86AD-4AE3-B378-C1605348946C}.Release|x86.Build.0 = Release|Any CPU
		{2ABA0ED7-DCAA-43A8-996C-5B85CF7F9317}.Ad-Hoc|Any CPU.ActiveCfg = Release|Any CPU
		{2ABA0ED7-DCAA-43A8-996C-5B85CF7F9317}.Ad-Hoc|Any CPU.Build.0 = Release|Any CPU
		{2ABA0ED7-DCAA-43A8-996C-5B85CF7F9317}.Ad-Hoc|ARM.ActiveCfg = Release|Any CPU
		{2ABA0ED7-DCAA-43A8-996C-5B85CF7F9317}.Ad-Hoc|ARM.Build.0 = Release|Any CPU
		{2ABA0ED7-DCAA-43A8-996C-5B85CF7F9317}.Ad-Hoc|iPhone.ActiveCfg = Release|Any CPU
		{2ABA0ED7-DCAA-43A8-996C-5B85CF7F9317}.Ad-Hoc|iPhone.Build.0 = Release|Any CPU
		{2ABA0ED7-DCAA-43A8-996C-5B85CF7F9317}.Ad-Hoc|iPhoneSimulator.ActiveCfg = Release|Any CPU
		{2ABA0ED7-DCAA-43A8-996C-5B85CF7F9317}.Ad-Hoc|iPhoneSimulator.Build.0 = Release|Any CPU
		{2ABA0ED7-DCAA-43A8-996C-5B85CF7F9317}.Ad-Hoc|x64.ActiveCfg = Release|Any CPU
		{2ABA0ED7-DCAA-43A8-996C-5B85CF7F9317}.Ad-Hoc|x64.Build.0 = Release|Any CPU
		{2ABA0ED7-DCAA-43A8-996C-5B85CF7F9317}.Ad-Hoc|x86.ActiveCfg = Release|Any CPU
		{2ABA0ED7-DCAA-43A8-996C-5B85CF7F9317}.Ad-Hoc|x86.Build.0 = Release|Any CPU
		{2ABA0ED7-DCAA-43A8-996C-5B85CF7F9317}.AppStore|Any CPU.ActiveCfg = Release|Any CPU
		{2ABA0ED7-DCAA-43A8-996C-5B85CF7F9317}.AppStore|Any CPU.Build.0 = Release|Any CPU
		{2ABA0ED7-DCAA-43A8-996C-5B85CF7F9317}.AppStore|ARM.ActiveCfg = Release|Any CPU
		{2ABA0ED7-DCAA-43A8-996C-5B85CF7F9317}.AppStore|ARM.Build.0 = Release|Any CPU
		{2ABA0ED7-DCAA-43A8-996C-5B85CF7F9317}.AppStore|iPhone.ActiveCfg = Release|Any CPU
		{2ABA0ED7-DCAA-43A8-996C-5B85CF7F9317}.AppStore|iPhone.Build.0 = Release|Any CPU
		{2ABA0ED7-DCAA-43A8-996C-5B85CF7F9317}.AppStore|iPhoneSimulator.ActiveCfg = Release|Any CPU
		{2ABA0ED7-DCAA-43A8-996C-5B85CF7F9317}.AppStore|iPhoneSimulator.Build.0 = Release|Any CPU
		{2ABA0ED7-DCAA-43A8-996C-5B85CF7F9317}.AppStore|x64.ActiveCfg = Release|Any CPU
		{2ABA0ED7-DCAA-43A8-996C-5B85CF7F9317}.AppStore|x64.Build.0 = Release|Any CPU
		{2ABA0ED7-DCAA-43A8-996C-5B85CF7F9317}.AppStore|x86.ActiveCfg = Release|Any CPU
		{2ABA0ED7-DCAA-43A8-996C-5B85CF7F9317}.AppStore|x86.Build.0 = Release|Any CPU
		{2ABA0ED7-DCAA-43A8-996C-5B85CF7F9317}.Debug|Any CPU.ActiveCfg = Debug|Any CPU
		{2ABA0ED7-DCAA-43A8-996C-5B85CF7F9317}.Debug|Any CPU.Build.0 = Debug|Any CPU
		{2ABA0ED7-DCAA-43A8-996C-5B85CF7F9317}.Debug|ARM.ActiveCfg = Debug|Any CPU
		{2ABA0ED7-DCAA-43A8-996C-5B85CF7F9317}.Debug|ARM.Build.0 = Debug|Any CPU
		{2ABA0ED7-DCAA-43A8-996C-5B85CF7F9317}.Debug|iPhone.ActiveCfg = Debug|Any CPU
		{2ABA0ED7-DCAA-43A8-996C-5B85CF7F9317}.Debug|iPhone.Build.0 = Debug|Any CPU
		{2ABA0ED7-DCAA-43A8-996C-5B85CF7F9317}.Debug|iPhoneSimulator.ActiveCfg = Debug|Any CPU
		{2ABA0ED7-DCAA-43A8-996C-5B85CF7F9317}.Debug|iPhoneSimulator.Build.0 = Debug|Any CPU
		{2ABA0ED7-DCAA-43A8-996C-5B85CF7F9317}.Debug|x64.ActiveCfg = Debug|Any CPU
		{2ABA0ED7-DCAA-43A8-996C-5B85CF7F9317}.Debug|x64.Build.0 = Debug|Any CPU
		{2ABA0ED7-DCAA-43A8-996C-5B85CF7F9317}.Debug|x86.ActiveCfg = Debug|Any CPU
		{2ABA0ED7-DCAA-43A8-996C-5B85CF7F9317}.Debug|x86.Build.0 = Debug|Any CPU
		{2ABA0ED7-DCAA-43A8-996C-5B85CF7F9317}.Release|Any CPU.ActiveCfg = Release|Any CPU
		{2ABA0ED7-DCAA-43A8-996C-5B85CF7F9317}.Release|Any CPU.Build.0 = Release|Any CPU
		{2ABA0ED7-DCAA-43A8-996C-5B85CF7F9317}.Release|ARM.ActiveCfg = Release|Any CPU
		{2ABA0ED7-DCAA-43A8-996C-5B85CF7F9317}.Release|ARM.Build.0 = Release|Any CPU
		{2ABA0ED7-DCAA-43A8-996C-5B85CF7F9317}.Release|iPhone.ActiveCfg = Release|Any CPU
		{2ABA0ED7-DCAA-43A8-996C-5B85CF7F9317}.Release|iPhone.Build.0 = Release|Any CPU
		{2ABA0ED7-DCAA-43A8-996C-5B85CF7F9317}.Release|iPhoneSimulator.ActiveCfg = Release|Any CPU
		{2ABA0ED7-DCAA-43A8-996C-5B85CF7F9317}.Release|iPhoneSimulator.Build.0 = Release|Any CPU
		{2ABA0ED7-DCAA-43A8-996C-5B85CF7F9317}.Release|x64.ActiveCfg = Release|Any CPU
		{2ABA0ED7-DCAA-43A8-996C-5B85CF7F9317}.Release|x64.Build.0 = Release|Any CPU
		{2ABA0ED7-DCAA-43A8-996C-5B85CF7F9317}.Release|x86.ActiveCfg = Release|Any CPU
		{2ABA0ED7-DCAA-43A8-996C-5B85CF7F9317}.Release|x86.Build.0 = Release|Any CPU
		{87E0D4EC-476E-4CF7-888A-8D06BFD3C406}.Ad-Hoc|Any CPU.ActiveCfg = Release|Any CPU
		{87E0D4EC-476E-4CF7-888A-8D06BFD3C406}.Ad-Hoc|Any CPU.Build.0 = Release|Any CPU
		{87E0D4EC-476E-4CF7-888A-8D06BFD3C406}.Ad-Hoc|ARM.ActiveCfg = Release|Any CPU
		{87E0D4EC-476E-4CF7-888A-8D06BFD3C406}.Ad-Hoc|ARM.Build.0 = Release|Any CPU
		{87E0D4EC-476E-4CF7-888A-8D06BFD3C406}.Ad-Hoc|iPhone.ActiveCfg = Release|Any CPU
		{87E0D4EC-476E-4CF7-888A-8D06BFD3C406}.Ad-Hoc|iPhone.Build.0 = Release|Any CPU
		{87E0D4EC-476E-4CF7-888A-8D06BFD3C406}.Ad-Hoc|iPhoneSimulator.ActiveCfg = Release|Any CPU
		{87E0D4EC-476E-4CF7-888A-8D06BFD3C406}.Ad-Hoc|iPhoneSimulator.Build.0 = Release|Any CPU
		{87E0D4EC-476E-4CF7-888A-8D06BFD3C406}.Ad-Hoc|x64.ActiveCfg = Release|Any CPU
		{87E0D4EC-476E-4CF7-888A-8D06BFD3C406}.Ad-Hoc|x64.Build.0 = Release|Any CPU
		{87E0D4EC-476E-4CF7-888A-8D06BFD3C406}.Ad-Hoc|x86.ActiveCfg = Release|Any CPU
		{87E0D4EC-476E-4CF7-888A-8D06BFD3C406}.Ad-Hoc|x86.Build.0 = Release|Any CPU
		{87E0D4EC-476E-4CF7-888A-8D06BFD3C406}.AppStore|Any CPU.ActiveCfg = Release|Any CPU
		{87E0D4EC-476E-4CF7-888A-8D06BFD3C406}.AppStore|Any CPU.Build.0 = Release|Any CPU
		{87E0D4EC-476E-4CF7-888A-8D06BFD3C406}.AppStore|ARM.ActiveCfg = Release|Any CPU
		{87E0D4EC-476E-4CF7-888A-8D06BFD3C406}.AppStore|ARM.Build.0 = Release|Any CPU
		{87E0D4EC-476E-4CF7-888A-8D06BFD3C406}.AppStore|iPhone.ActiveCfg = Release|Any CPU
		{87E0D4EC-476E-4CF7-888A-8D06BFD3C406}.AppStore|iPhone.Build.0 = Release|Any CPU
		{87E0D4EC-476E-4CF7-888A-8D06BFD3C406}.AppStore|iPhoneSimulator.ActiveCfg = Release|Any CPU
		{87E0D4EC-476E-4CF7-888A-8D06BFD3C406}.AppStore|iPhoneSimulator.Build.0 = Release|Any CPU
		{87E0D4EC-476E-4CF7-888A-8D06BFD3C406}.AppStore|x64.ActiveCfg = Release|Any CPU
		{87E0D4EC-476E-4CF7-888A-8D06BFD3C406}.AppStore|x64.Build.0 = Release|Any CPU
		{87E0D4EC-476E-4CF7-888A-8D06BFD3C406}.AppStore|x86.ActiveCfg = Release|Any CPU
		{87E0D4EC-476E-4CF7-888A-8D06BFD3C406}.AppStore|x86.Build.0 = Release|Any CPU
		{87E0D4EC-476E-4CF7-888A-8D06BFD3C406}.Debug|Any CPU.ActiveCfg = Debug|Any CPU
		{87E0D4EC-476E-4CF7-888A-8D06BFD3C406}.Debug|Any CPU.Build.0 = Debug|Any CPU
		{87E0D4EC-476E-4CF7-888A-8D06BFD3C406}.Debug|ARM.ActiveCfg = Debug|Any CPU
		{87E0D4EC-476E-4CF7-888A-8D06BFD3C406}.Debug|ARM.Build.0 = Debug|Any CPU
		{87E0D4EC-476E-4CF7-888A-8D06BFD3C406}.Debug|iPhone.ActiveCfg = Debug|Any CPU
		{87E0D4EC-476E-4CF7-888A-8D06BFD3C406}.Debug|iPhone.Build.0 = Debug|Any CPU
		{87E0D4EC-476E-4CF7-888A-8D06BFD3C406}.Debug|iPhoneSimulator.ActiveCfg = Debug|Any CPU
		{87E0D4EC-476E-4CF7-888A-8D06BFD3C406}.Debug|iPhoneSimulator.Build.0 = Debug|Any CPU
		{87E0D4EC-476E-4CF7-888A-8D06BFD3C406}.Debug|x64.ActiveCfg = Debug|Any CPU
		{87E0D4EC-476E-4CF7-888A-8D06BFD3C406}.Debug|x64.Build.0 = Debug|Any CPU
		{87E0D4EC-476E-4CF7-888A-8D06BFD3C406}.Debug|x86.ActiveCfg = Debug|Any CPU
		{87E0D4EC-476E-4CF7-888A-8D06BFD3C406}.Debug|x86.Build.0 = Debug|Any CPU
		{87E0D4EC-476E-4CF7-888A-8D06BFD3C406}.Release|Any CPU.ActiveCfg = Release|Any CPU
		{87E0D4EC-476E-4CF7-888A-8D06BFD3C406}.Release|Any CPU.Build.0 = Release|Any CPU
		{87E0D4EC-476E-4CF7-888A-8D06BFD3C406}.Release|ARM.ActiveCfg = Release|Any CPU
		{87E0D4EC-476E-4CF7-888A-8D06BFD3C406}.Release|ARM.Build.0 = Release|Any CPU
		{87E0D4EC-476E-4CF7-888A-8D06BFD3C406}.Release|iPhone.ActiveCfg = Release|Any CPU
		{87E0D4EC-476E-4CF7-888A-8D06BFD3C406}.Release|iPhone.Build.0 = Release|Any CPU
		{87E0D4EC-476E-4CF7-888A-8D06BFD3C406}.Release|iPhoneSimulator.ActiveCfg = Release|Any CPU
		{87E0D4EC-476E-4CF7-888A-8D06BFD3C406}.Release|iPhoneSimulator.Build.0 = Release|Any CPU
		{87E0D4EC-476E-4CF7-888A-8D06BFD3C406}.Release|x64.ActiveCfg = Release|Any CPU
		{87E0D4EC-476E-4CF7-888A-8D06BFD3C406}.Release|x64.Build.0 = Release|Any CPU
		{87E0D4EC-476E-4CF7-888A-8D06BFD3C406}.Release|x86.ActiveCfg = Release|Any CPU
		{87E0D4EC-476E-4CF7-888A-8D06BFD3C406}.Release|x86.Build.0 = Release|Any CPU
		{F813214F-9994-4E70-9C9F-22528864C9CF}.Ad-Hoc|Any CPU.ActiveCfg = Release|Any CPU
		{F813214F-9994-4E70-9C9F-22528864C9CF}.Ad-Hoc|Any CPU.Build.0 = Release|Any CPU
		{F813214F-9994-4E70-9C9F-22528864C9CF}.Ad-Hoc|ARM.ActiveCfg = Release|Any CPU
		{F813214F-9994-4E70-9C9F-22528864C9CF}.Ad-Hoc|ARM.Build.0 = Release|Any CPU
		{F813214F-9994-4E70-9C9F-22528864C9CF}.Ad-Hoc|iPhone.ActiveCfg = Release|Any CPU
		{F813214F-9994-4E70-9C9F-22528864C9CF}.Ad-Hoc|iPhone.Build.0 = Release|Any CPU
		{F813214F-9994-4E70-9C9F-22528864C9CF}.Ad-Hoc|iPhoneSimulator.ActiveCfg = Release|Any CPU
		{F813214F-9994-4E70-9C9F-22528864C9CF}.Ad-Hoc|iPhoneSimulator.Build.0 = Release|Any CPU
		{F813214F-9994-4E70-9C9F-22528864C9CF}.Ad-Hoc|x64.ActiveCfg = Release|Any CPU
		{F813214F-9994-4E70-9C9F-22528864C9CF}.Ad-Hoc|x64.Build.0 = Release|Any CPU
		{F813214F-9994-4E70-9C9F-22528864C9CF}.Ad-Hoc|x86.ActiveCfg = Release|Any CPU
		{F813214F-9994-4E70-9C9F-22528864C9CF}.Ad-Hoc|x86.Build.0 = Release|Any CPU
		{F813214F-9994-4E70-9C9F-22528864C9CF}.AppStore|Any CPU.ActiveCfg = Release|Any CPU
		{F813214F-9994-4E70-9C9F-22528864C9CF}.AppStore|Any CPU.Build.0 = Release|Any CPU
		{F813214F-9994-4E70-9C9F-22528864C9CF}.AppStore|ARM.ActiveCfg = Release|Any CPU
		{F813214F-9994-4E70-9C9F-22528864C9CF}.AppStore|ARM.Build.0 = Release|Any CPU
		{F813214F-9994-4E70-9C9F-22528864C9CF}.AppStore|iPhone.ActiveCfg = Release|Any CPU
		{F813214F-9994-4E70-9C9F-22528864C9CF}.AppStore|iPhone.Build.0 = Release|Any CPU
		{F813214F-9994-4E70-9C9F-22528864C9CF}.AppStore|iPhoneSimulator.ActiveCfg = Release|Any CPU
		{F813214F-9994-4E70-9C9F-22528864C9CF}.AppStore|iPhoneSimulator.Build.0 = Release|Any CPU
		{F813214F-9994-4E70-9C9F-22528864C9CF}.AppStore|x64.ActiveCfg = Release|Any CPU
		{F813214F-9994-4E70-9C9F-22528864C9CF}.AppStore|x64.Build.0 = Release|Any CPU
		{F813214F-9994-4E70-9C9F-22528864C9CF}.AppStore|x86.ActiveCfg = Release|Any CPU
		{F813214F-9994-4E70-9C9F-22528864C9CF}.AppStore|x86.Build.0 = Release|Any CPU
		{F813214F-9994-4E70-9C9F-22528864C9CF}.Debug|Any CPU.ActiveCfg = Debug|Any CPU
		{F813214F-9994-4E70-9C9F-22528864C9CF}.Debug|Any CPU.Build.0 = Debug|Any CPU
		{F813214F-9994-4E70-9C9F-22528864C9CF}.Debug|ARM.ActiveCfg = Debug|Any CPU
		{F813214F-9994-4E70-9C9F-22528864C9CF}.Debug|ARM.Build.0 = Debug|Any CPU
		{F813214F-9994-4E70-9C9F-22528864C9CF}.Debug|iPhone.ActiveCfg = Debug|Any CPU
		{F813214F-9994-4E70-9C9F-22528864C9CF}.Debug|iPhone.Build.0 = Debug|Any CPU
		{F813214F-9994-4E70-9C9F-22528864C9CF}.Debug|iPhoneSimulator.ActiveCfg = Debug|Any CPU
		{F813214F-9994-4E70-9C9F-22528864C9CF}.Debug|iPhoneSimulator.Build.0 = Debug|Any CPU
		{F813214F-9994-4E70-9C9F-22528864C9CF}.Debug|x64.ActiveCfg = Debug|Any CPU
		{F813214F-9994-4E70-9C9F-22528864C9CF}.Debug|x64.Build.0 = Debug|Any CPU
		{F813214F-9994-4E70-9C9F-22528864C9CF}.Debug|x86.ActiveCfg = Debug|Any CPU
		{F813214F-9994-4E70-9C9F-22528864C9CF}.Debug|x86.Build.0 = Debug|Any CPU
		{F813214F-9994-4E70-9C9F-22528864C9CF}.Release|Any CPU.ActiveCfg = Release|Any CPU
		{F813214F-9994-4E70-9C9F-22528864C9CF}.Release|Any CPU.Build.0 = Release|Any CPU
		{F813214F-9994-4E70-9C9F-22528864C9CF}.Release|ARM.ActiveCfg = Release|Any CPU
		{F813214F-9994-4E70-9C9F-22528864C9CF}.Release|ARM.Build.0 = Release|Any CPU
		{F813214F-9994-4E70-9C9F-22528864C9CF}.Release|iPhone.ActiveCfg = Release|Any CPU
		{F813214F-9994-4E70-9C9F-22528864C9CF}.Release|iPhone.Build.0 = Release|Any CPU
		{F813214F-9994-4E70-9C9F-22528864C9CF}.Release|iPhoneSimulator.ActiveCfg = Release|Any CPU
		{F813214F-9994-4E70-9C9F-22528864C9CF}.Release|iPhoneSimulator.Build.0 = Release|Any CPU
		{F813214F-9994-4E70-9C9F-22528864C9CF}.Release|x64.ActiveCfg = Release|Any CPU
		{F813214F-9994-4E70-9C9F-22528864C9CF}.Release|x64.Build.0 = Release|Any CPU
		{F813214F-9994-4E70-9C9F-22528864C9CF}.Release|x86.ActiveCfg = Release|Any CPU
		{F813214F-9994-4E70-9C9F-22528864C9CF}.Release|x86.Build.0 = Release|Any CPU
		{5D69B82C-ECF1-4932-8A80-AA3FA3F97D41}.Ad-Hoc|Any CPU.ActiveCfg = Ad-Hoc|iPhone
		{5D69B82C-ECF1-4932-8A80-AA3FA3F97D41}.Ad-Hoc|ARM.ActiveCfg = Ad-Hoc|iPhone
		{5D69B82C-ECF1-4932-8A80-AA3FA3F97D41}.Ad-Hoc|iPhone.ActiveCfg = Ad-Hoc|iPhone
		{5D69B82C-ECF1-4932-8A80-AA3FA3F97D41}.Ad-Hoc|iPhone.Build.0 = Ad-Hoc|iPhone
		{5D69B82C-ECF1-4932-8A80-AA3FA3F97D41}.Ad-Hoc|iPhoneSimulator.ActiveCfg = Ad-Hoc|iPhoneSimulator
		{5D69B82C-ECF1-4932-8A80-AA3FA3F97D41}.Ad-Hoc|iPhoneSimulator.Build.0 = Ad-Hoc|iPhoneSimulator
		{5D69B82C-ECF1-4932-8A80-AA3FA3F97D41}.Ad-Hoc|x64.ActiveCfg = Ad-Hoc|iPhone
		{5D69B82C-ECF1-4932-8A80-AA3FA3F97D41}.Ad-Hoc|x86.ActiveCfg = Ad-Hoc|iPhone
		{5D69B82C-ECF1-4932-8A80-AA3FA3F97D41}.AppStore|Any CPU.ActiveCfg = AppStore|iPhone
		{5D69B82C-ECF1-4932-8A80-AA3FA3F97D41}.AppStore|ARM.ActiveCfg = AppStore|iPhone
		{5D69B82C-ECF1-4932-8A80-AA3FA3F97D41}.AppStore|iPhone.ActiveCfg = AppStore|iPhone
		{5D69B82C-ECF1-4932-8A80-AA3FA3F97D41}.AppStore|iPhone.Build.0 = AppStore|iPhone
		{5D69B82C-ECF1-4932-8A80-AA3FA3F97D41}.AppStore|iPhoneSimulator.ActiveCfg = AppStore|iPhoneSimulator
		{5D69B82C-ECF1-4932-8A80-AA3FA3F97D41}.AppStore|iPhoneSimulator.Build.0 = AppStore|iPhoneSimulator
		{5D69B82C-ECF1-4932-8A80-AA3FA3F97D41}.AppStore|x64.ActiveCfg = AppStore|iPhone
		{5D69B82C-ECF1-4932-8A80-AA3FA3F97D41}.AppStore|x86.ActiveCfg = AppStore|iPhone
		{5D69B82C-ECF1-4932-8A80-AA3FA3F97D41}.Debug|Any CPU.ActiveCfg = Debug|iPhone
		{5D69B82C-ECF1-4932-8A80-AA3FA3F97D41}.Debug|Any CPU.Build.0 = Debug|iPhone
		{5D69B82C-ECF1-4932-8A80-AA3FA3F97D41}.Debug|Any CPU.Deploy.0 = Debug|iPhone
		{5D69B82C-ECF1-4932-8A80-AA3FA3F97D41}.Debug|ARM.ActiveCfg = Debug|iPhone
		{5D69B82C-ECF1-4932-8A80-AA3FA3F97D41}.Debug|iPhone.ActiveCfg = Debug|iPhone
		{5D69B82C-ECF1-4932-8A80-AA3FA3F97D41}.Debug|iPhone.Build.0 = Debug|iPhone
		{5D69B82C-ECF1-4932-8A80-AA3FA3F97D41}.Debug|iPhoneSimulator.ActiveCfg = Debug|iPhoneSimulator
		{5D69B82C-ECF1-4932-8A80-AA3FA3F97D41}.Debug|x64.ActiveCfg = Debug|iPhone
		{5D69B82C-ECF1-4932-8A80-AA3FA3F97D41}.Debug|x86.ActiveCfg = Debug|iPhone
		{5D69B82C-ECF1-4932-8A80-AA3FA3F97D41}.Release|Any CPU.ActiveCfg = Release|iPhone
		{5D69B82C-ECF1-4932-8A80-AA3FA3F97D41}.Release|ARM.ActiveCfg = Release|iPhone
		{5D69B82C-ECF1-4932-8A80-AA3FA3F97D41}.Release|iPhone.ActiveCfg = Release|iPhone
		{5D69B82C-ECF1-4932-8A80-AA3FA3F97D41}.Release|iPhone.Build.0 = Release|iPhone
		{5D69B82C-ECF1-4932-8A80-AA3FA3F97D41}.Release|iPhoneSimulator.ActiveCfg = Release|iPhoneSimulator
		{5D69B82C-ECF1-4932-8A80-AA3FA3F97D41}.Release|iPhoneSimulator.Build.0 = Release|iPhoneSimulator
		{5D69B82C-ECF1-4932-8A80-AA3FA3F97D41}.Release|x64.ActiveCfg = Release|iPhone
		{5D69B82C-ECF1-4932-8A80-AA3FA3F97D41}.Release|x86.ActiveCfg = Release|iPhone
		{31476295-403D-4EB1-AB95-68150DFA1349}.Ad-Hoc|Any CPU.ActiveCfg = Release|Any CPU
		{31476295-403D-4EB1-AB95-68150DFA1349}.Ad-Hoc|Any CPU.Build.0 = Release|Any CPU
		{31476295-403D-4EB1-AB95-68150DFA1349}.Ad-Hoc|Any CPU.Deploy.0 = Release|Any CPU
		{31476295-403D-4EB1-AB95-68150DFA1349}.Ad-Hoc|ARM.ActiveCfg = Release|Any CPU
		{31476295-403D-4EB1-AB95-68150DFA1349}.Ad-Hoc|ARM.Build.0 = Release|Any CPU
		{31476295-403D-4EB1-AB95-68150DFA1349}.Ad-Hoc|ARM.Deploy.0 = Release|Any CPU
		{31476295-403D-4EB1-AB95-68150DFA1349}.Ad-Hoc|iPhone.ActiveCfg = Release|Any CPU
		{31476295-403D-4EB1-AB95-68150DFA1349}.Ad-Hoc|iPhone.Build.0 = Release|Any CPU
		{31476295-403D-4EB1-AB95-68150DFA1349}.Ad-Hoc|iPhone.Deploy.0 = Release|Any CPU
		{31476295-403D-4EB1-AB95-68150DFA1349}.Ad-Hoc|iPhoneSimulator.ActiveCfg = Release|Any CPU
		{31476295-403D-4EB1-AB95-68150DFA1349}.Ad-Hoc|iPhoneSimulator.Build.0 = Release|Any CPU
		{31476295-403D-4EB1-AB95-68150DFA1349}.Ad-Hoc|iPhoneSimulator.Deploy.0 = Release|Any CPU
		{31476295-403D-4EB1-AB95-68150DFA1349}.Ad-Hoc|x64.ActiveCfg = Release|Any CPU
		{31476295-403D-4EB1-AB95-68150DFA1349}.Ad-Hoc|x64.Build.0 = Release|Any CPU
		{31476295-403D-4EB1-AB95-68150DFA1349}.Ad-Hoc|x64.Deploy.0 = Release|Any CPU
		{31476295-403D-4EB1-AB95-68150DFA1349}.Ad-Hoc|x86.ActiveCfg = Release|Any CPU
		{31476295-403D-4EB1-AB95-68150DFA1349}.Ad-Hoc|x86.Build.0 = Release|Any CPU
		{31476295-403D-4EB1-AB95-68150DFA1349}.Ad-Hoc|x86.Deploy.0 = Release|Any CPU
		{31476295-403D-4EB1-AB95-68150DFA1349}.AppStore|Any CPU.ActiveCfg = Release|Any CPU
		{31476295-403D-4EB1-AB95-68150DFA1349}.AppStore|Any CPU.Build.0 = Release|Any CPU
		{31476295-403D-4EB1-AB95-68150DFA1349}.AppStore|Any CPU.Deploy.0 = Release|Any CPU
		{31476295-403D-4EB1-AB95-68150DFA1349}.AppStore|ARM.ActiveCfg = Release|Any CPU
		{31476295-403D-4EB1-AB95-68150DFA1349}.AppStore|ARM.Build.0 = Release|Any CPU
		{31476295-403D-4EB1-AB95-68150DFA1349}.AppStore|ARM.Deploy.0 = Release|Any CPU
		{31476295-403D-4EB1-AB95-68150DFA1349}.AppStore|iPhone.ActiveCfg = Release|Any CPU
		{31476295-403D-4EB1-AB95-68150DFA1349}.AppStore|iPhone.Build.0 = Release|Any CPU
		{31476295-403D-4EB1-AB95-68150DFA1349}.AppStore|iPhone.Deploy.0 = Release|Any CPU
		{31476295-403D-4EB1-AB95-68150DFA1349}.AppStore|iPhoneSimulator.ActiveCfg = Release|Any CPU
		{31476295-403D-4EB1-AB95-68150DFA1349}.AppStore|iPhoneSimulator.Build.0 = Release|Any CPU
		{31476295-403D-4EB1-AB95-68150DFA1349}.AppStore|iPhoneSimulator.Deploy.0 = Release|Any CPU
		{31476295-403D-4EB1-AB95-68150DFA1349}.AppStore|x64.ActiveCfg = Release|Any CPU
		{31476295-403D-4EB1-AB95-68150DFA1349}.AppStore|x64.Build.0 = Release|Any CPU
		{31476295-403D-4EB1-AB95-68150DFA1349}.AppStore|x64.Deploy.0 = Release|Any CPU
		{31476295-403D-4EB1-AB95-68150DFA1349}.AppStore|x86.ActiveCfg = Release|Any CPU
		{31476295-403D-4EB1-AB95-68150DFA1349}.AppStore|x86.Build.0 = Release|Any CPU
		{31476295-403D-4EB1-AB95-68150DFA1349}.AppStore|x86.Deploy.0 = Release|Any CPU
		{31476295-403D-4EB1-AB95-68150DFA1349}.Debug|Any CPU.ActiveCfg = Debug|Any CPU
		{31476295-403D-4EB1-AB95-68150DFA1349}.Debug|Any CPU.Build.0 = Debug|Any CPU
		{31476295-403D-4EB1-AB95-68150DFA1349}.Debug|Any CPU.Deploy.0 = Debug|Any CPU
		{31476295-403D-4EB1-AB95-68150DFA1349}.Debug|ARM.ActiveCfg = Debug|Any CPU
		{31476295-403D-4EB1-AB95-68150DFA1349}.Debug|ARM.Build.0 = Debug|Any CPU
		{31476295-403D-4EB1-AB95-68150DFA1349}.Debug|ARM.Deploy.0 = Debug|Any CPU
		{31476295-403D-4EB1-AB95-68150DFA1349}.Debug|iPhone.ActiveCfg = Debug|Any CPU
		{31476295-403D-4EB1-AB95-68150DFA1349}.Debug|iPhone.Build.0 = Debug|Any CPU
		{31476295-403D-4EB1-AB95-68150DFA1349}.Debug|iPhone.Deploy.0 = Debug|Any CPU
		{31476295-403D-4EB1-AB95-68150DFA1349}.Debug|iPhoneSimulator.ActiveCfg = Debug|Any CPU
		{31476295-403D-4EB1-AB95-68150DFA1349}.Debug|iPhoneSimulator.Build.0 = Debug|Any CPU
		{31476295-403D-4EB1-AB95-68150DFA1349}.Debug|iPhoneSimulator.Deploy.0 = Debug|Any CPU
		{31476295-403D-4EB1-AB95-68150DFA1349}.Debug|x64.ActiveCfg = Debug|Any CPU
		{31476295-403D-4EB1-AB95-68150DFA1349}.Debug|x64.Build.0 = Debug|Any CPU
		{31476295-403D-4EB1-AB95-68150DFA1349}.Debug|x64.Deploy.0 = Debug|Any CPU
		{31476295-403D-4EB1-AB95-68150DFA1349}.Debug|x86.ActiveCfg = Debug|Any CPU
		{31476295-403D-4EB1-AB95-68150DFA1349}.Debug|x86.Build.0 = Debug|Any CPU
		{31476295-403D-4EB1-AB95-68150DFA1349}.Debug|x86.Deploy.0 = Debug|Any CPU
		{31476295-403D-4EB1-AB95-68150DFA1349}.Release|Any CPU.ActiveCfg = Release|Any CPU
		{31476295-403D-4EB1-AB95-68150DFA1349}.Release|Any CPU.Build.0 = Release|Any CPU
		{31476295-403D-4EB1-AB95-68150DFA1349}.Release|Any CPU.Deploy.0 = Release|Any CPU
		{31476295-403D-4EB1-AB95-68150DFA1349}.Release|ARM.ActiveCfg = Release|Any CPU
		{31476295-403D-4EB1-AB95-68150DFA1349}.Release|ARM.Build.0 = Release|Any CPU
		{31476295-403D-4EB1-AB95-68150DFA1349}.Release|ARM.Deploy.0 = Release|Any CPU
		{31476295-403D-4EB1-AB95-68150DFA1349}.Release|iPhone.ActiveCfg = Release|Any CPU
		{31476295-403D-4EB1-AB95-68150DFA1349}.Release|iPhone.Build.0 = Release|Any CPU
		{31476295-403D-4EB1-AB95-68150DFA1349}.Release|iPhone.Deploy.0 = Release|Any CPU
		{31476295-403D-4EB1-AB95-68150DFA1349}.Release|iPhoneSimulator.ActiveCfg = Release|Any CPU
		{31476295-403D-4EB1-AB95-68150DFA1349}.Release|iPhoneSimulator.Build.0 = Release|Any CPU
		{31476295-403D-4EB1-AB95-68150DFA1349}.Release|iPhoneSimulator.Deploy.0 = Release|Any CPU
		{31476295-403D-4EB1-AB95-68150DFA1349}.Release|x64.ActiveCfg = Release|Any CPU
		{31476295-403D-4EB1-AB95-68150DFA1349}.Release|x64.Build.0 = Release|Any CPU
		{31476295-403D-4EB1-AB95-68150DFA1349}.Release|x64.Deploy.0 = Release|Any CPU
		{31476295-403D-4EB1-AB95-68150DFA1349}.Release|x86.ActiveCfg = Release|Any CPU
		{31476295-403D-4EB1-AB95-68150DFA1349}.Release|x86.Build.0 = Release|Any CPU
		{31476295-403D-4EB1-AB95-68150DFA1349}.Release|x86.Deploy.0 = Release|Any CPU
	EndGlobalSection
	GlobalSection(SolutionProperties) = preSolution
		HideSolutionNode = FALSE
	EndGlobalSection
EndGlobal
